
Microsoft Visual Studio Solution File, Format Version 12.00
# Visual Studio Version 17
VisualStudioVersion = 17.11.35312.102
MinimumVisualStudioVersion = 10.0.40219.1
Project("{9A19103F-16F7-4668-BE54-9A1E7A4F7556}") = "Allup", "Allup\Allup.csproj", "{4CB7B339-1539-4A68-895C-B81C747DF7B9}"
EndProject
Global
	GlobalSection(SolutionConfigurationPlatforms) = preSolution
		Debug|Any CPU = Debug|Any CPU
		Release|Any CPU = Release|Any CPU
	EndGlobalSection
	GlobalSection(ProjectConfigurationPlatforms) = postSolution
		{4CB7B339-1539-4A68-895C-B81C747DF7B9}.Debug|Any CPU.ActiveCfg = Debug|Any CPU
		{4CB7B339-1539-4A68-895C-B81C747DF7B9}.Debug|Any CPU.Build.0 = Debug|Any CPU
		{4CB7B339-1539-4A68-895C-B81C747DF7B9}.Release|Any CPU.ActiveCfg = Release|Any CPU
		{4CB7B339-1539-4A68-895C-B81C747DF7B9}.Release|Any CPU.Build.0 = Release|Any CPU
	EndGlobalSection
	GlobalSection(SolutionProperties) = preSolution
		HideSolutionNode = FALSE
	EndGlobalSection
	GlobalSection(ExtensibilityGlobals) = postSolution
		SolutionGuid = {A25179FF-AF0E-4F52-9A59-04D8D743EC46}
	EndGlobalSection
EndGlobal
